{
  "version": 2,
  "dependencies": {
    "net9.0": {
      "ModelContextProtocol": {
        "type": "Direct",
        "requested": "[0.3.0-preview.4, )",
        "resolved": "0.3.0-preview.4",
        "contentHash": "W+fBq9ZJwgmcThMH0xHpwlC51TsnlJHrlnot2cG5ryzKcpOI40IP1R9s55fGvE8ivhSAQ4/s7BuTIWCqda/s6w==",
        "dependencies": {
          "Microsoft.Extensions.Hosting.Abstractions": "9.0.5",
          "ModelContextProtocol.Core": "0.3.0-preview.4"
        }
      },
      "Microsoft.Extensions.AI.Abstractions": {
        "type": "Transitive",
        "resolved": "9.7.1",
        "contentHash": "fcAMMDxGgdl7vgkiFQ2yojdEwvGIkIpxsv6SQ33enA+q2iGuv3jsFUZmq6ZJ0YvMgrce7mG6GHFkEVcNxjIl0A=="
      },
      "Microsoft.Extensions.Diagnostics.Abstractions": {
        "type": "Transitive",
        "resolved": "9.0.5",
        "contentHash": "6YfTcULCYREMTqtk+s3UiszsFV2xN2FXtxdQpurmQJY9Cp/QGiM4MTKfJKUo7AzdLuzjOKKMWjQITmvtK7AsUg==",
        "dependencies": {
          "Microsoft.Extensions.DependencyInjection.Abstractions": "9.0.5",
          "Microsoft.Extensions.Options": "9.0.5"
        }
      },
      "Microsoft.Extensions.FileProviders.Abstractions": {
        "type": "Transitive",
        "resolved": "9.0.5",
        "contentHash": "LLm+e8lvD+jOI+blHRSxPqywPaohOTNcVzQv548R1UpkEiNB2D+zf3RrqxBdB1LDPicRMTnfiaKJovxF8oX1bQ==",
        "dependencies": {
          "Microsoft.Extensions.Primitives": "9.0.5"
        }
      },
      "Microsoft.Extensions.Hosting.Abstractions": {
        "type": "Transitive",
        "resolved": "9.0.5",
        "contentHash": "3GA/dxqkP6yFe18qYRgtKYuN2onC8NfhlpNN21jptkVKk7olqBTkdT49oL0pSEz2SptRsux7LocCU7+alGnEag==",
        "dependencies": {
          "Microsoft.Extensions.Configuration.Abstractions": "9.0.5",
          "Microsoft.Extensions.DependencyInjection.Abstractions": "9.0.5",
          "Microsoft.Extensions.Diagnostics.Abstractions": "9.0.5",
          "Microsoft.Extensions.FileProviders.Abstractions": "9.0.5",
          "Microsoft.Extensions.Logging.Abstractions": "9.0.5"
        }
      },
      "Microsoft.Extensions.Logging.Abstractions": {
        "type": "Transitive",
        "resolved": "9.0.5",
        "contentHash": "pP1PADCrIxMYJXxFmTVbAgEU7GVpjK5i0/tyfU9DiE0oXQy3JWQaOVgCkrCiePLgS8b5sghM3Fau3EeHiVWbCg==",
        "dependencies": {
          "Microsoft.Extensions.DependencyInjection.Abstractions": "9.0.5"
        }
      },
      "Microsoft.Extensions.Options": {
        "type": "Transitive",
        "resolved": "9.0.5",
        "contentHash": "vPdJQU8YLOUSSK8NL0RmwcXJr2E0w8xH559PGQl4JYsglgilZr9LZnqV2zdgk+XR05+kuvhBEZKoDVd46o7NqA==",
        "dependencies": {
          "Microsoft.Extensions.DependencyInjection.Abstractions": "9.0.5",
          "Microsoft.Extensions.Primitives": "9.0.5"
        }
      },
      "Microsoft.Extensions.Primitives": {
        "type": "Transitive",
        "resolved": "9.0.8",
        "contentHash": "tizSIOEsIgSNSSh+hKeUVPK7xmTIjR8s+mJWOu1KXV3htvNQiPMFRMO17OdI1y/4ZApdBVk49u/08QGC9yvLug=="
      },
      "Microsoft.NET.StringTools": {
        "type": "Transitive",
        "resolved": "17.10.4",
        "contentHash": "wyABaqY+IHCMMSTQmcc3Ca6vbmg5BaEPgicnEgpll+4xyWZWlkQqUwafweUd9VAhBb4jqplMl6voUHQ6yfdUcg=="
      },
      "ModelContextProtocol.Core": {
        "type": "Transitive",
        "resolved": "0.3.0-preview.4",
        "contentHash": "VZ3gd+1St3Kbg9UCTrOB0m7GE9Y2Elk73pBGvv4E13nIA0g4uV4rd4NXX0ffS2nV37K957dXa9CtAstfn9kb/Q==",
        "dependencies": {
          "Microsoft.Extensions.AI.Abstractions": "9.7.1",
          "Microsoft.Extensions.Logging.Abstractions": "9.0.5",
          "System.Net.ServerSentEvents": "10.0.0-preview.4.25258.110"
        }
      },
      "System.Configuration.ConfigurationManager": {
        "type": "Transitive",
        "resolved": "8.0.0",
        "contentHash": "JlYi9XVvIREURRUlGMr1F6vOFLk7YSY4p1vHo4kX3tQ0AGrjqlRWHDi66ImHhy6qwXBG3BJ6Y1QlYQ+Qz6Xgww==",
        "dependencies": {
          "System.Diagnostics.EventLog": "8.0.0",
          "System.Security.Cryptography.ProtectedData": "8.0.0"
        }
      },
      "System.Diagnostics.EventLog": {
        "type": "Transitive",
        "resolved": "8.0.0",
        "contentHash": "fdYxcRjQqTTacKId/2IECojlDSFvp7LP5N78+0z/xH7v/Tuw5ZAxu23Y6PTCRinqyu2ePx+Gn1098NC6jM6d+A=="
      },
      "System.Net.ServerSentEvents": {
        "type": "Transitive",
        "resolved": "10.0.0-preview.4.25258.110",
        "contentHash": "5SG8yFN0e6y3VVaCMWSRYdDW15Apzg2LQoYUtl+jFrGb/+RLSMYmIdU9hO1hbHqpU0JD/lfBlCox0FebdAGGOQ=="
      },
      "System.Security.Cryptography.ProtectedData": {
        "type": "Transitive",
        "resolved": "8.0.0",
        "contentHash": "+TUFINV2q2ifyXauQXRwy4CiBhqvDEDZeVJU7qfxya4aRYOKzVBpN+4acx25VcPB9ywUN6C0n8drWl110PhZEg=="
      },
      "projectname.buildtasks": {
        "type": "Project",
        "dependencies": {
          "Microsoft.Build.Framework": "[17.10.4, )",
          "Microsoft.Build.Utilities.Core": "[17.10.4, )"
        }
      },
      "Microsoft.Build.Framework": {
        "type": "CentralTransitive",
        "requested": "[17.10.4, )",
        "resolved": "17.10.4",
        "contentHash": "4qXCwNOXBR1dyCzuks9SwTwFJQO/xmf2wcMislotDWJu7MN/r3xDNoU8Ae5QmKIHPaLG1xmfDkYS7qBVzxmeKw=="
      },
      "Microsoft.Build.Utilities.Core": {
        "type": "CentralTransitive",
        "requested": "[17.10.4, )",
        "resolved": "17.10.4",
        "contentHash": "eEB/tcXkSV+nQgvoa/l53UPtn+KVtKZ8zBceDZsXVTrfE4fA+4+/olrx9W8n2tq4XiESsL9UuGJgCKzqBwQCoQ==",
        "dependencies": {
          "Microsoft.Build.Framework": "17.10.4",
          "Microsoft.NET.StringTools": "17.10.4",
          "System.Configuration.ConfigurationManager": "8.0.0"
        }
      },
      "Microsoft.Extensions.Configuration.Abstractions": {
        "type": "CentralTransitive",
        "requested": "[9.0.8, )",
        "resolved": "9.0.8",
        "contentHash": "yNou2KM35RvzOh4vUFtl2l33rWPvOCoba+nzEDJ+BgD8aOL/jew4WPCibQvntRfOJ2pJU8ARygSMD+pdjvDHuA==",
        "dependencies": {
          "Microsoft.Extensions.Primitives": "9.0.8"
        }
      },
      "Microsoft.Extensions.DependencyInjection.Abstractions": {
        "type": "CentralTransitive",
        "requested": "[9.0.8, )",
        "resolved": "9.0.8",
        "contentHash": "xY3lTjj4+ZYmiKIkyWitddrp1uL5uYiweQjqo4BKBw01ZC4HhcfgLghDpPZcUlppgWAFqFy9SgkiYWOMx365pw=="
      }
    }
  }
}